# THIS IS AN AUTOGENERATED FILE. DO NOT EDIT THIS FILE DIRECTLY.
# yarn lockfile v1


"@algolia/autocomplete-core@1.9.2":
  version "1.9.2"
  resolved "https://registry.yarnpkg.com/@algolia/autocomplete-core/-/autocomplete-core-1.9.2.tgz#1c9ffcfac7fc4733fe97356247b25d9d7a83538c"
  integrity sha512-hkG80c9kx9ClVAEcUJbTd2ziVC713x9Bji9Ty4XJfKXlxlsx3iXsoNhAwfeR4ulzIUg7OE5gez0UU1zVDdG7kg==
  dependencies:
    "@algolia/autocomplete-plugin-algolia-insights" "1.9.2"
    "@algolia/autocomplete-shared" "1.9.2"

"@algolia/autocomplete-plugin-algolia-insights@1.9.2":
  version "1.9.2"
  resolved "https://registry.yarnpkg.com/@algolia/autocomplete-plugin-algolia-insights/-/autocomplete-plugin-algolia-insights-1.9.2.tgz#b4672d5662acc2d0a0547d14dfbdcc70c17625de"
  integrity sha512-2LVsf4W66hVHQ3Ua/8k15oPlxjELCztbAkQm/hP42Sw+GLkHAdY1vaVRYziaWq64+Oljfg6FKkZHCdgXH+CGIA==
  dependencies:
    "@algolia/autocomplete-shared" "1.9.2"

"@algolia/autocomplete-preset-algolia@1.9.2":
  version "1.9.2"
  resolved "https://registry.yarnpkg.com/@algolia/autocomplete-preset-algolia/-/autocomplete-preset-algolia-1.9.2.tgz#a31fc9a88800ee7312cd177c738e9e4c0e0f78e8"
  integrity sha512-pqgIm2GNqtCT59Y1ICctIPrYTi34+wNPiNWEclD/yDzp5uDUUsyGe5XrUjCNyQRTKonAlmYxoaEHOn8FWgmBHA==
  dependencies:
    "@algolia/autocomplete-shared" "1.9.2"

"@algolia/autocomplete-shared@1.9.2":
  version "1.9.2"
  resolved "https://registry.yarnpkg.com/@algolia/autocomplete-shared/-/autocomplete-shared-1.9.2.tgz#b5b909377439c45774cfb91947ad8e6ebd4652c1"
  integrity sha512-XxX6YDn+7LG+SmdpXEOnj7fc3TjiVpQ0CbGhjLwrd2tYr6LVY2D4Iiu/iuYJ4shvVDWWnpwArSk0uIWC/8OPUA==

"@algolia/cache-browser-local-storage@4.15.0":
  version "4.15.0"
  resolved "https://registry.yarnpkg.com/@algolia/cache-browser-local-storage/-/cache-browser-local-storage-4.15.0.tgz#84f12aec6b6aa69542a3bfd3a4ba458ed2cc8230"
  integrity sha512-uxxFhTWh4JJDb2+FFSmNMfEQ8p9o2vjSpU7iW007QX3OvqljPPN68lk3bpZVaG8pwr5MU1DqpkZ71FcQdVTjgQ==
  dependencies:
    "@algolia/cache-common" "4.15.0"

"@algolia/cache-common@4.15.0":
  version "4.15.0"
  resolved "https://registry.yarnpkg.com/@algolia/cache-common/-/cache-common-4.15.0.tgz#a198098c4b8fa6ef661879ec22d2a2d1ad77d2bb"
  integrity sha512-Me3PbI4QurAM+3D+htIE0l1xt6+bl/18SG6Wc7bPQEZAtN7DTGz22HqhKNyLF2lR/cOfpaH7umXZlZEhIHf7gQ==

"@algolia/cache-in-memory@4.15.0":
  version "4.15.0"
  resolved "https://registry.yarnpkg.com/@algolia/cache-in-memory/-/cache-in-memory-4.15.0.tgz#77cac4db36a0aa0837f7a7ceb760188191e35268"
  integrity sha512-B9mg1wd7CKMfpkbiTQ8KlcKkH6ut/goVaI6XmDCUczOOqeuZlV34tuEi7o3Xo1j66KWr/d9pMjjGYcoVPCVeOA==
  dependencies:
    "@algolia/cache-common" "4.15.0"

"@algolia/client-account@4.15.0":
  version "4.15.0"
  resolved "https://registry.yarnpkg.com/@algolia/client-account/-/client-account-4.15.0.tgz#8e0723052169665b4449dc2f8bcf3075feb6a424"
  integrity sha512-8wqI33HRZy5ydfFt6F5vMhtkOiAUhVfSCYXx4U3Go5RALqWLgVUp6wzOo0mr1z08POCkHDpbQMQvyayb1CZ/kw==
  dependencies:
    "@algolia/client-common" "4.15.0"
    "@algolia/client-search" "4.15.0"
    "@algolia/transporter" "4.15.0"

"@algolia/client-analytics@4.15.0":
  version "4.15.0"
  resolved "https://registry.yarnpkg.com/@algolia/client-analytics/-/client-analytics-4.15.0.tgz#6b8fe450e1bba114b0d0598cbf9acac482798a36"
  integrity sha512-jrPjEeNEIIQKeA1XCZXx3f3aybtwF7wjYlnfHbLARuZ9AuHzimOKjX0ZwqvMmvTsHivpcZ2rqY+j1E8HoH1ELA==
  dependencies:
    "@algolia/client-common" "4.15.0"
    "@algolia/client-search" "4.15.0"
    "@algolia/requester-common" "4.15.0"
    "@algolia/transporter" "4.15.0"

"@algolia/client-common@4.15.0":
  version "4.15.0"
  resolved "https://registry.yarnpkg.com/@algolia/client-common/-/client-common-4.15.0.tgz#27dd9441aedf481736696d519e55ea8e2f5a4432"
  integrity sha512-PlsJMObZuYw4JlG5EhYv1PHDOv7n5mD5PzqFyoNfSOYaEPRZepa3W579ya29yOu3FZ0VGMNJmB7Q5v/+/fwvIw==
  dependencies:
    "@algolia/requester-common" "4.15.0"
    "@algolia/transporter" "4.15.0"

"@algolia/client-personalization@4.15.0":
  version "4.15.0"
  resolved "https://registry.yarnpkg.com/@algolia/client-personalization/-/client-personalization-4.15.0.tgz#6f10eda827d2607ab6c2341464cd35107bf8cf99"
  integrity sha512-Bf0bhRAiNL9LWurzyHRH8UBi4fDt3VbCNkInxVngKQT1uCZWXecwoPWGhcSSpdanBqFJA/1WBt+BWx7a50Bhlg==
  dependencies:
    "@algolia/client-common" "4.15.0"
    "@algolia/requester-common" "4.15.0"
    "@algolia/transporter" "4.15.0"

"@algolia/client-search@4.15.0":
  version "4.15.0"
  resolved "https://registry.yarnpkg.com/@algolia/client-search/-/client-search-4.15.0.tgz#2d849faae7943fcc983ac923eac767666a9e6a9a"
  integrity sha512-dTwZD4u53WdmexnMcoO2Qd/+YCP3ESXKOtD2MryQ1a9dHwB2Y3Qob0kyS1PG82idwM3enbznvscI9Sf4o9PUWQ==
  dependencies:
    "@algolia/client-common" "4.15.0"
    "@algolia/requester-common" "4.15.0"
    "@algolia/transporter" "4.15.0"

"@algolia/logger-common@4.15.0":
  version "4.15.0"
  resolved "https://registry.yarnpkg.com/@algolia/logger-common/-/logger-common-4.15.0.tgz#a2cf3d3abbdd00594006164302600ba46d75059f"
  integrity sha512-D8OFwn/HpvQz66goIcjxOKsYBMuxiruxJ3cA/bnc0EiDvSA2P2z6bNQWgS5gbstuTZIJmbhr+53NyOxFkmMNAA==

"@algolia/logger-console@4.15.0":
  version "4.15.0"
  resolved "https://registry.yarnpkg.com/@algolia/logger-console/-/logger-console-4.15.0.tgz#8a0948b0c16ad546af9dd14b9021f21f42737c97"
  integrity sha512-pQOvVaRSEJQJRXKTnxEA6nN1hipSQadJJ4einw0nIlfMOGZh/kps1ybh8vRUlUGyfEuN/3dyFs0W3Ac7hIItlg==
  dependencies:
    "@algolia/logger-common" "4.15.0"

"@algolia/requester-browser-xhr@4.15.0":
  version "4.15.0"
  resolved "https://registry.yarnpkg.com/@algolia/requester-browser-xhr/-/requester-browser-xhr-4.15.0.tgz#38b5956d01408ad4291d89915df921ff8534cca6"
  integrity sha512-va186EfALF+6msYZXaoBSxcnFCg3SoWJ+uv1yMyhQRJRe7cZSHWSVT3s40vmar90gxlBu80KMVwVlsvJhJv6ew==
  dependencies:
    "@algolia/requester-common" "4.15.0"

"@algolia/requester-common@4.15.0":
  version "4.15.0"
  resolved "https://registry.yarnpkg.com/@algolia/requester-common/-/requester-common-4.15.0.tgz#c68ad3dccc1de71b5be9b08a07e2baf58ec49d82"
  integrity sha512-w0UUzxElbo4hrKg4QP/jiXDNbIJuAthxdlkos9nS8KAPK2XI3R9BlUjLz/ZVs4F9TDGI0mhjrNHhZ12KXcoyhg==

"@algolia/requester-node-http@4.15.0":
  version "4.15.0"
  resolved "https://registry.yarnpkg.com/@algolia/requester-node-http/-/requester-node-http-4.15.0.tgz#02f841586e620c7b4e4e555f315cd52dd815f330"
  integrity sha512-eeEOhFtgwKcgAlKAZpgBRZJ0ILSEBCXxZ9uwfVWPD24W1b6z08gVoTJ6J7lCeCnJmudg+tMElDnGzHkjup9CJA==
  dependencies:
    "@algolia/requester-common" "4.15.0"

"@algolia/transporter@4.15.0":
  version "4.15.0"
  resolved "https://registry.yarnpkg.com/@algolia/transporter/-/transporter-4.15.0.tgz#c65c512206c66aadc2897337220ae5454001967e"
  integrity sha512-JoWR+ixG3EmA0UPntQFN/FV5TasYcYu93d5+oKzHFeZ6Z7rtW5Im9iy/Oh/ggk1AAN5fTdqKewtbBpdaYDbKsQ==
  dependencies:
    "@algolia/cache-common" "4.15.0"
    "@algolia/logger-common" "4.15.0"
    "@algolia/requester-common" "4.15.0"

"@babel/parser@^7.20.15", "@babel/parser@^7.21.3":
  version "7.21.8"
  resolved "https://registry.yarnpkg.com/@babel/parser/-/parser-7.21.8.tgz#642af7d0333eab9c0ad70b14ac5e76dbde7bfdf8"
  integrity sha512-6zavDGdzG3gUqAdWvlLFfk+36RilI+Pwyuuh7HItyeScCWP3k6i8vKclAQ0bM/0y/Kz/xiwvxhMv9MgTJP5gmA==

"@docsearch/css@3.5.0", "@docsearch/css@^3.5.0":
  version "3.5.0"
  resolved "https://registry.yarnpkg.com/@docsearch/css/-/css-3.5.0.tgz#5f6cb94a7c40122b21621c30a4b2460bd42d7dd0"
  integrity sha512-Ob5FQLubplcBNihAVtriR59FRBeP8u69F6mu4L4yIr60KfsPc10bOV0DoPErJw0zF9IBN2cNLW9qdmt8zWPxyg==

"@docsearch/js@^3.5.0":
  version "3.5.0"
  resolved "https://registry.yarnpkg.com/@docsearch/js/-/js-3.5.0.tgz#870ba9322e1c917d4c2c27fa7051641379c89817"
  integrity sha512-WqB+z+zVKSXDkGq028nClT9RvMzfFlemZuIulX5ZwWkdUtl4k7M9cmZA/c6kuZf7FG24XQsMHWuBjeUo9hLRyA==
  dependencies:
    "@docsearch/react" "3.5.0"
    preact "^10.0.0"

"@docsearch/react@3.5.0":
  version "3.5.0"
  resolved "https://registry.yarnpkg.com/@docsearch/react/-/react-3.5.0.tgz#2468fa67dea86e4ef2935754a3453e01d850c56f"
  integrity sha512-3IG8mmSMzSHNGy2S1VuPyYU9tFCxFpj5Ov8SYwsSHM4yMvFsaO9oFxXocA5lSenliIELhuOuS5+BdxHa/Qlf2A==
  dependencies:
    "@algolia/autocomplete-core" "1.9.2"
    "@algolia/autocomplete-preset-algolia" "1.9.2"
    "@docsearch/css" "3.5.0"
    algoliasearch "^4.0.0"

"@esbuild/android-arm64@0.17.11":
  version "0.17.11"
  resolved "https://registry.yarnpkg.com/@esbuild/android-arm64/-/android-arm64-0.17.11.tgz#52c3e6cabc19c5e4c1c0c01cb58f0442338e1c14"
  integrity sha512-QnK4d/zhVTuV4/pRM4HUjcsbl43POALU2zvBynmrrqZt9LPcLA3x1fTZPBg2RRguBQnJcnU059yKr+bydkntjg==

"@esbuild/android-arm@0.17.11":
  version "0.17.11"
  resolved "https://registry.yarnpkg.com/@esbuild/android-arm/-/android-arm-0.17.11.tgz#f3fc768235aecbeb840d0049fdf13cd28592105f"
  integrity sha512-CdyX6sRVh1NzFCsf5vw3kULwlAhfy9wVt8SZlrhQ7eL2qBjGbFhRBWkkAzuZm9IIEOCKJw4DXA6R85g+qc8RDw==

"@esbuild/android-x64@0.17.11":
  version "0.17.11"
  resolved "https://registry.yarnpkg.com/@esbuild/android-x64/-/android-x64-0.17.11.tgz#443ed47771a7e917e4282469ba350d117473550c"
  integrity sha512-3PL3HKtsDIXGQcSCKtWD/dy+mgc4p2Tvo2qKgKHj9Yf+eniwFnuoQ0OUhlSfAEpKAFzF9N21Nwgnap6zy3L3MQ==

"@esbuild/darwin-arm64@0.17.11":
  version "0.17.11"
  resolved "https://registry.yarnpkg.com/@esbuild/darwin-arm64/-/darwin-arm64-0.17.11.tgz#0e8c78d94d5759a48521dbfd83189d2ed3499a16"
  integrity sha512-pJ950bNKgzhkGNO3Z9TeHzIFtEyC2GDQL3wxkMApDEghYx5Qers84UTNc1bAxWbRkuJOgmOha5V0WUeh8G+YGw==

"@esbuild/darwin-x64@0.17.11":
  version "0.17.11"
  resolved "https://registry.yarnpkg.com/@esbuild/darwin-x64/-/darwin-x64-0.17.11.tgz#2405cfdf70eb961c7cf973463ca7263dc2004c88"
  integrity sha512-iB0dQkIHXyczK3BZtzw1tqegf0F0Ab5texX2TvMQjiJIWXAfM4FQl7D909YfXWnB92OQz4ivBYQ2RlxBJrMJOw==

"@esbuild/freebsd-arm64@0.17.11":
  version "0.17.11"
  resolved "https://registry.yarnpkg.com/@esbuild/freebsd-arm64/-/freebsd-arm64-0.17.11.tgz#d5138e873e15f87bd4564c024dfa00ef37e623fd"
  integrity sha512-7EFzUADmI1jCHeDRGKgbnF5sDIceZsQGapoO6dmw7r/ZBEKX7CCDnIz8m9yEclzr7mFsd+DyasHzpjfJnmBB1Q==

"@esbuild/freebsd-x64@0.17.11":
  version "0.17.11"
  resolved "https://registry.yarnpkg.com/@esbuild/freebsd-x64/-/freebsd-x64-0.17.11.tgz#e850b58b8fabf8e9ef0e125af3c25229ad2d6c38"
  integrity sha512-iPgenptC8i8pdvkHQvXJFzc1eVMR7W2lBPrTE6GbhR54sLcF42mk3zBOjKPOodezzuAz/KSu8CPyFSjcBMkE9g==

"@esbuild/linux-arm64@0.17.11":
  version "0.17.11"
  resolved "https://registry.yarnpkg.com/@esbuild/linux-arm64/-/linux-arm64-0.17.11.tgz#2bfb93d0809ec2357c12ebb27736b750c9ae0aa5"
  integrity sha512-Qxth3gsWWGKz2/qG2d5DsW/57SeA2AmpSMhdg9TSB5Svn2KDob3qxfQSkdnWjSd42kqoxIPy3EJFs+6w1+6Qjg==

"@esbuild/linux-arm@0.17.11":
  version "0.17.11"
  resolved "https://registry.yarnpkg.com/@esbuild/linux-arm/-/linux-arm-0.17.11.tgz#e56fb3b76828317a704f4a167c5bd790fe5314e7"
  integrity sha512-M9iK/d4lgZH0U5M1R2p2gqhPV/7JPJcRz+8O8GBKVgqndTzydQ7B2XGDbxtbvFkvIs53uXTobOhv+RyaqhUiMg==

"@esbuild/linux-ia32@0.17.11":
  version "0.17.11"
  resolved "https://registry.yarnpkg.com/@esbuild/linux-ia32/-/linux-ia32-0.17.11.tgz#59fa1c49b271793d14eb5effc757e8c0d0cb2cab"
  integrity sha512-dB1nGaVWtUlb/rRDHmuDQhfqazWE0LMro/AIbT2lWM3CDMHJNpLckH+gCddQyhhcLac2OYw69ikUMO34JLt3wA==

"@esbuild/linux-loong64@0.17.11":
  version "0.17.11"
  resolved "https://registry.yarnpkg.com/@esbuild/linux-loong64/-/linux-loong64-0.17.11.tgz#89575bc189099c03a36daa54f3f481780c7fd502"
  integrity sha512-aCWlq70Q7Nc9WDnormntGS1ar6ZFvUpqr8gXtO+HRejRYPweAFQN615PcgaSJkZjhHp61+MNLhzyVALSF2/Q0g==

"@esbuild/linux-mips64el@0.17.11":
  version "0.17.11"
  resolved "https://registry.yarnpkg.com/@esbuild/linux-mips64el/-/linux-mips64el-0.17.11.tgz#0e18ca039dc7e4645efd8edc1b10952933eb6b1b"
  integrity sha512-cGeGNdQxqY8qJwlYH1BP6rjIIiEcrM05H7k3tR7WxOLmD1ZxRMd6/QIOWMb8mD2s2YJFNRuNQ+wjMhgEL2oCEw==

"@esbuild/linux-ppc64@0.17.11":
  version "0.17.11"
  resolved "https://registry.yarnpkg.com/@esbuild/linux-ppc64/-/linux-ppc64-0.17.11.tgz#2d152cb3a253afb8c100a165ad132dc96f36cb11"
  integrity sha512-BdlziJQPW/bNe0E8eYsHB40mYOluS+jULPCjlWiHzDgr+ZBRXPtgMV1nkLEGdpjrwgmtkZHEGEPaKdS/8faLDA==

"@esbuild/linux-riscv64@0.17.11":
  version "0.17.11"
  resolved "https://registry.yarnpkg.com/@esbuild/linux-riscv64/-/linux-riscv64-0.17.11.tgz#c6ac494a81221d53d65b33e665c7df1747952d3c"
  integrity sha512-MDLwQbtF+83oJCI1Cixn68Et/ME6gelmhssPebC40RdJaect+IM+l7o/CuG0ZlDs6tZTEIoxUe53H3GmMn8oMA==

"@esbuild/linux-s390x@0.17.11":
  version "0.17.11"
  resolved "https://registry.yarnpkg.com/@esbuild/linux-s390x/-/linux-s390x-0.17.11.tgz#4bad33894bc7415cea4be8fa90fe456226a424ad"
  integrity sha512-4N5EMESvws0Ozr2J94VoUD8HIRi7X0uvUv4c0wpTHZyZY9qpaaN7THjosdiW56irQ4qnJ6Lsc+i+5zGWnyqWqQ==

"@esbuild/linux-x64@0.17.11":
  version "0.17.11"
  resolved "https://registry.yarnpkg.com/@esbuild/linux-x64/-/linux-x64-0.17.11.tgz#903fda743459f530a16a6c6ee8d2c0f6c1a12fc7"
  integrity sha512-rM/v8UlluxpytFSmVdbCe1yyKQd/e+FmIJE2oPJvbBo+D0XVWi1y/NQ4iTNx+436WmDHQBjVLrbnAQLQ6U7wlw==

"@esbuild/netbsd-x64@0.17.11":
  version "0.17.11"
  resolved "https://registry.yarnpkg.com/@esbuild/netbsd-x64/-/netbsd-x64-0.17.11.tgz#b589239fe7d9b16ee03c5e191f3f5b640f1518a1"
  integrity sha512-4WaAhuz5f91h3/g43VBGdto1Q+X7VEZfpcWGtOFXnggEuLvjV+cP6DyLRU15IjiU9fKLLk41OoJfBFN5DhPvag==

"@esbuild/openbsd-x64@0.17.11":
  version "0.17.11"
  resolved "https://registry.yarnpkg.com/@esbuild/openbsd-x64/-/openbsd-x64-0.17.11.tgz#b355019754116bef39ec688f8fd2fe6471b9779b"
  integrity sha512-UBj135Nx4FpnvtE+C8TWGp98oUgBcmNmdYgl5ToKc0mBHxVVqVE7FUS5/ELMImOp205qDAittL6Ezhasc2Ev/w==

"@esbuild/sunos-x64@0.17.11":
  version "0.17.11"
  resolved "https://registry.yarnpkg.com/@esbuild/sunos-x64/-/sunos-x64-0.17.11.tgz#2ea47fb592e68406e5025a7696dc714fc6a115dc"
  integrity sha512-1/gxTifDC9aXbV2xOfCbOceh5AlIidUrPsMpivgzo8P8zUtczlq1ncFpeN1ZyQJ9lVs2hILy1PG5KPp+w8QPPg==

"@esbuild/win32-arm64@0.17.11":
  version "0.17.11"
  resolved "https://registry.yarnpkg.com/@esbuild/win32-arm64/-/win32-arm64-0.17.11.tgz#47e6fdab17c4c52e6e0d606dd9cb843b29826325"
  integrity sha512-vtSfyx5yRdpiOW9yp6Ax0zyNOv9HjOAw8WaZg3dF5djEHKKm3UnoohftVvIJtRh0Ec7Hso0RIdTqZvPXJ7FdvQ==

"@esbuild/win32-ia32@0.17.11":
  version "0.17.11"
  resolved "https://registry.yarnpkg.com/@esbuild/win32-ia32/-/win32-ia32-0.17.11.tgz#a97273aa3164c8d8f501899f55cc75a4a79599a3"
  integrity sha512-GFPSLEGQr4wHFTiIUJQrnJKZhZjjq4Sphf+mM76nQR6WkQn73vm7IsacmBRPkALfpOCHsopSvLgqdd4iUW2mYw==

"@esbuild/win32-x64@0.17.11":
  version "0.17.11"
  resolved "https://registry.yarnpkg.com/@esbuild/win32-x64/-/win32-x64-0.17.11.tgz#9be796d93ae27b636da32d960899a4912bca27a1"
  integrity sha512-N9vXqLP3eRL8BqSy8yn4Y98cZI2pZ8fyuHx6lKjiG2WABpT2l01TXdzq5Ma2ZUBzfB7tx5dXVhge8X9u0S70ZQ==

"@jridgewell/sourcemap-codec@^1.4.13":
  version "1.4.15"
  resolved "https://registry.yarnpkg.com/@jridgewell/sourcemap-codec/-/sourcemap-codec-1.4.15.tgz#d7c6e6755c78567a951e04ab52ef0fd26de59f32"
  integrity sha512-eF2rxCRulEKXHTRiDrDy6erMYWqNw4LPdQ8UQA4huuxaQsVeRPFl2oM8oDGxMFhJUWZf9McpLtJasDDZb/Bpeg==

"@types/web-bluetooth@^0.0.17":
  version "0.0.17"
  resolved "https://registry.yarnpkg.com/@types/web-bluetooth/-/web-bluetooth-0.0.17.tgz#5c9f3c617f64a9735d7b72a7cc671e166d900c40"
  integrity sha512-4p9vcSmxAayx72yn70joFoL44c9MO/0+iVEBIQXe3v2h2SiAsEIo/G5v6ObFWvNKRFjbrVadNf9LqEEZeQPzdA==

"@vitejs/plugin-vue@^4.2.3":
  version "4.2.3"
  resolved "https://registry.yarnpkg.com/@vitejs/plugin-vue/-/plugin-vue-4.2.3.tgz#ee0b6dfcc62fe65364e6395bf38fa2ba10bb44b6"
  integrity sha512-R6JDUfiZbJA9cMiguQ7jxALsgiprjBeHL5ikpXfJCH62pPHtI+JdJ5xWj6Ev73yXSlYl86+blXn1kZHQ7uElxw==

"@vue/compiler-core@3.3.4":
  version "3.3.4"
  resolved "https://registry.yarnpkg.com/@vue/compiler-core/-/compiler-core-3.3.4.tgz#7fbf591c1c19e1acd28ffd284526e98b4f581128"
  integrity sha512-cquyDNvZ6jTbf/+x+AgM2Arrp6G4Dzbb0R64jiG804HRMfRiFXWI6kqUVqZ6ZR0bQhIoQjB4+2bhNtVwndW15g==
  dependencies:
    "@babel/parser" "^7.21.3"
    "@vue/shared" "3.3.4"
    estree-walker "^2.0.2"
    source-map-js "^1.0.2"

"@vue/compiler-dom@3.3.4":
  version "3.3.4"
  resolved "https://registry.yarnpkg.com/@vue/compiler-dom/-/compiler-dom-3.3.4.tgz#f56e09b5f4d7dc350f981784de9713d823341151"
  integrity sha512-wyM+OjOVpuUukIq6p5+nwHYtj9cFroz9cwkfmP9O1nzH68BenTTv0u7/ndggT8cIQlnBeOo6sUT/gvHcIkLA5w==
  dependencies:
    "@vue/compiler-core" "3.3.4"
    "@vue/shared" "3.3.4"

"@vue/compiler-sfc@3.3.4":
  version "3.3.4"
  resolved "https://registry.yarnpkg.com/@vue/compiler-sfc/-/compiler-sfc-3.3.4.tgz#b19d942c71938893535b46226d602720593001df"
  integrity sha512-6y/d8uw+5TkCuzBkgLS0v3lSM3hJDntFEiUORM11pQ/hKvkhSKZrXW6i69UyXlJQisJxuUEJKAWEqWbWsLeNKQ==
  dependencies:
    "@babel/parser" "^7.20.15"
    "@vue/compiler-core" "3.3.4"
    "@vue/compiler-dom" "3.3.4"
    "@vue/compiler-ssr" "3.3.4"
    "@vue/reactivity-transform" "3.3.4"
    "@vue/shared" "3.3.4"
    estree-walker "^2.0.2"
    magic-string "^0.30.0"
    postcss "^8.1.10"
    source-map-js "^1.0.2"

"@vue/compiler-ssr@3.3.4":
  version "3.3.4"
  resolved "https://registry.yarnpkg.com/@vue/compiler-ssr/-/compiler-ssr-3.3.4.tgz#9d1379abffa4f2b0cd844174ceec4a9721138777"
  integrity sha512-m0v6oKpup2nMSehwA6Uuu+j+wEwcy7QmwMkVNVfrV9P2qE5KshC6RwOCq8fjGS/Eak/uNb8AaWekfiXxbBB6gQ==
  dependencies:
    "@vue/compiler-dom" "3.3.4"
    "@vue/shared" "3.3.4"

"@vue/devtools-api@^6.5.0":
  version "6.5.0"
  resolved "https://registry.yarnpkg.com/@vue/devtools-api/-/devtools-api-6.5.0.tgz#98b99425edee70b4c992692628fa1ea2c1e57d07"
  integrity sha512-o9KfBeaBmCKl10usN4crU53fYtC1r7jJwdGKjPT24t348rHxgfpZ0xL3Xm/gLUYnc0oTp8LAmrxOeLyu6tbk2Q==

"@vue/reactivity-transform@3.3.4":
  version "3.3.4"
  resolved "https://registry.yarnpkg.com/@vue/reactivity-transform/-/reactivity-transform-3.3.4.tgz#52908476e34d6a65c6c21cd2722d41ed8ae51929"
  integrity sha512-MXgwjako4nu5WFLAjpBnCj/ieqcjE2aJBINUNQzkZQfzIZA4xn+0fV1tIYBJvvva3N3OvKGofRLvQIwEQPpaXw==
  dependencies:
    "@babel/parser" "^7.20.15"
    "@vue/compiler-core" "3.3.4"
    "@vue/shared" "3.3.4"
    estree-walker "^2.0.2"
    magic-string "^0.30.0"

"@vue/reactivity@3.3.4":
  version "3.3.4"
  resolved "https://registry.yarnpkg.com/@vue/reactivity/-/reactivity-3.3.4.tgz#a27a29c6cd17faba5a0e99fbb86ee951653e2253"
  integrity sha512-kLTDLwd0B1jG08NBF3R5rqULtv/f8x3rOFByTDz4J53ttIQEDmALqKqXY0J+XQeN0aV2FBxY8nJDf88yvOPAqQ==
  dependencies:
    "@vue/shared" "3.3.4"

"@vue/runtime-core@3.3.4":
  version "3.3.4"
  resolved "https://registry.yarnpkg.com/@vue/runtime-core/-/runtime-core-3.3.4.tgz#4bb33872bbb583721b340f3088888394195967d1"
  integrity sha512-R+bqxMN6pWO7zGI4OMlmvePOdP2c93GsHFM/siJI7O2nxFRzj55pLwkpCedEY+bTMgp5miZ8CxfIZo3S+gFqvA==
  dependencies:
    "@vue/reactivity" "3.3.4"
    "@vue/shared" "3.3.4"

"@vue/runtime-dom@3.3.4":
  version "3.3.4"
  resolved "https://registry.yarnpkg.com/@vue/runtime-dom/-/runtime-dom-3.3.4.tgz#992f2579d0ed6ce961f47bbe9bfe4b6791251566"
  integrity sha512-Aj5bTJ3u5sFsUckRghsNjVTtxZQ1OyMWCr5dZRAPijF/0Vy4xEoRCwLyHXcj4D0UFbJ4lbx3gPTgg06K/GnPnQ==
  dependencies:
    "@vue/runtime-core" "3.3.4"
    "@vue/shared" "3.3.4"
    csstype "^3.1.1"

"@vue/server-renderer@3.3.4":
  version "3.3.4"
  resolved "https://registry.yarnpkg.com/@vue/server-renderer/-/server-renderer-3.3.4.tgz#ea46594b795d1536f29bc592dd0f6655f7ea4c4c"
  integrity sha512-Q6jDDzR23ViIb67v+vM1Dqntu+HUexQcsWKhhQa4ARVzxOY2HbC7QRW/ggkDBd5BU+uM1sV6XOAP0b216o34JQ==
  dependencies:
    "@vue/compiler-ssr" "3.3.4"
    "@vue/shared" "3.3.4"

"@vue/shared@3.3.4":
  version "3.3.4"
  resolved "https://registry.yarnpkg.com/@vue/shared/-/shared-3.3.4.tgz#06e83c5027f464eef861c329be81454bc8b70780"
  integrity sha512-7OjdcV8vQ74eiz1TZLzZP4JwqM5fA94K6yntPS5Z25r9HDuGNzaGdgvwKYq6S+MxwF0TFRwe50fIR/MYnakdkQ==

"@vueuse/core@10.1.2", "@vueuse/core@^10.1.2":
  version "10.1.2"
  resolved "https://registry.yarnpkg.com/@vueuse/core/-/core-10.1.2.tgz#2499eadec36c5d7109338e3a2b73725040ae8011"
  integrity sha512-roNn8WuerI56A5uiTyF/TEYX0Y+VKlhZAF94unUfdhbDUI+NfwQMn4FUnUscIRUhv3344qvAghopU4bzLPNFlA==
  dependencies:
    "@types/web-bluetooth" "^0.0.17"
    "@vueuse/metadata" "10.1.2"
    "@vueuse/shared" "10.1.2"
    vue-demi ">=0.14.0"

"@vueuse/integrations@^10.1.2":
  version "10.1.2"
  resolved "https://registry.yarnpkg.com/@vueuse/integrations/-/integrations-10.1.2.tgz#e318ed2cec87711b2a110dceca2150d7fe1452d0"
  integrity sha512-wUpG3Wv6LiWerOwCzOAM0iGhNQ4vfFUTkhj/xQy7TLXduh2M3D8N08aS0KqlxsejY6R8NLxydDIM+68QfHZZ8Q==
  dependencies:
    "@vueuse/core" "10.1.2"
    "@vueuse/shared" "10.1.2"
    vue-demi ">=0.14.0"

"@vueuse/metadata@10.1.2":
  version "10.1.2"
  resolved "https://registry.yarnpkg.com/@vueuse/metadata/-/metadata-10.1.2.tgz#d8ffe557b1042efd03a0aa88540a00c25d193ee3"
  integrity sha512-3mc5BqN9aU2SqBeBuWE7ne4OtXHoHKggNgxZR2K+zIW4YLsy6xoZ4/9vErQs6tvoKDX6QAqm3lvsrv0mczAwIQ==

"@vueuse/shared@10.1.2":
  version "10.1.2"
  resolved "https://registry.yarnpkg.com/@vueuse/shared/-/shared-10.1.2.tgz#31d8733a217a6396eb67706319133bf62cdd8baa"
  integrity sha512-1uoUTPBlgyscK9v6ScGeVYDDzlPSFXBlxuK7SfrDGyUTBiznb3mNceqhwvZHjtDRELZEN79V5uWPTF1VDV8svA==
  dependencies:
    vue-demi ">=0.14.0"

algoliasearch@^4.0.0:
  version "4.15.0"
  resolved "https://registry.yarnpkg.com/algoliasearch/-/algoliasearch-4.15.0.tgz#8279576f06667a1d0705e8c22a17daa8e707b469"
  integrity sha512-+vgKQF5944dYsz9zhKk07JbOYeNdKisoD5GeG0woBL3nLzbn2a+nGwki60DXg7CXvaFXBcTXyJG4C+VaBVd44g==
  dependencies:
    "@algolia/cache-browser-local-storage" "4.15.0"
    "@algolia/cache-common" "4.15.0"
    "@algolia/cache-in-memory" "4.15.0"
    "@algolia/client-account" "4.15.0"
    "@algolia/client-analytics" "4.15.0"
    "@algolia/client-common" "4.15.0"
    "@algolia/client-personalization" "4.15.0"
    "@algolia/client-search" "4.15.0"
    "@algolia/logger-common" "4.15.0"
    "@algolia/logger-console" "4.15.0"
    "@algolia/requester-browser-xhr" "4.15.0"
    "@algolia/requester-common" "4.15.0"
    "@algolia/requester-node-http" "4.15.0"
    "@algolia/transporter" "4.15.0"

ansi-sequence-parser@^1.1.0:
  version "1.1.0"
  resolved "https://registry.yarnpkg.com/ansi-sequence-parser/-/ansi-sequence-parser-1.1.0.tgz#4d790f31236ac20366b23b3916b789e1bde39aed"
  integrity sha512-lEm8mt52to2fT8GhciPCGeCXACSz2UwIN4X2e2LJSnZ5uAbn2/dsYdOmUXq0AtWS5cpAupysIneExOgH0Vd2TQ==

body-scroll-lock@4.0.0-beta.0:
  version "4.0.0-beta.0"
  resolved "https://registry.yarnpkg.com/body-scroll-lock/-/body-scroll-lock-4.0.0-beta.0.tgz#4f78789d10e6388115c0460cd6d7d4dd2bbc4f7e"
  integrity sha512-a7tP5+0Mw3YlUJcGAKUqIBkYYGlYxk2fnCasq/FUph1hadxlTRjF+gAcZksxANnaMnALjxEddmSi/H3OR8ugcQ==

csstype@^3.1.1:
  version "3.1.2"
  resolved "https://registry.yarnpkg.com/csstype/-/csstype-3.1.2.tgz#1d4bf9d572f11c14031f0436e1c10bc1f571f50b"
  integrity sha512-I7K1Uu0MBPzaFKg4nI5Q7Vs2t+3gWWW648spaF+Rg7pI9ds18Ugn+lvg4SHczUdKlHI5LWBXyqfS8+DufyBsgQ==

esbuild@^0.17.5:
  version "0.17.11"
  resolved "https://registry.yarnpkg.com/esbuild/-/esbuild-0.17.11.tgz#9f3122643b21d7e7731e42f18576c10bfa28152b"
  integrity sha512-pAMImyokbWDtnA/ufPxjQg0fYo2DDuzAlqwnDvbXqHLphe+m80eF++perYKVm8LeTuj2zUuFXC+xgSVxyoHUdg==
  optionalDependencies:
    "@esbuild/android-arm" "0.17.11"
    "@esbuild/android-arm64" "0.17.11"
    "@esbuild/android-x64" "0.17.11"
    "@esbuild/darwin-arm64" "0.17.11"
    "@esbuild/darwin-x64" "0.17.11"
    "@esbuild/freebsd-arm64" "0.17.11"
    "@esbuild/freebsd-x64" "0.17.11"
    "@esbuild/linux-arm" "0.17.11"
    "@esbuild/linux-arm64" "0.17.11"
    "@esbuild/linux-ia32" "0.17.11"
    "@esbuild/linux-loong64" "0.17.11"
    "@esbuild/linux-mips64el" "0.17.11"
    "@esbuild/linux-ppc64" "0.17.11"
    "@esbuild/linux-riscv64" "0.17.11"
    "@esbuild/linux-s390x" "0.17.11"
    "@esbuild/linux-x64" "0.17.11"
    "@esbuild/netbsd-x64" "0.17.11"
    "@esbuild/openbsd-x64" "0.17.11"
    "@esbuild/sunos-x64" "0.17.11"
    "@esbuild/win32-arm64" "0.17.11"
    "@esbuild/win32-ia32" "0.17.11"
    "@esbuild/win32-x64" "0.17.11"

estree-walker@^2.0.2:
  version "2.0.2"
  resolved "https://registry.yarnpkg.com/estree-walker/-/estree-walker-2.0.2.tgz#52f010178c2a4c117a7757cfe942adb7d2da4cac"
  integrity sha512-Rfkk/Mp/DL7JVje3u18FxFujQlTNR2q6QfMSMB7AvCBx91NGj/ba3kCfza0f6dVDbw7YlRf/nDrn7pQrCCyQ/w==

focus-trap@^7.4.3:
  version "7.4.3"
  resolved "https://registry.yarnpkg.com/focus-trap/-/focus-trap-7.4.3.tgz#a3dae73d44df359eb92bbf37b18e173e813b16c5"
  integrity sha512-BgSSbK4GPnS2VbtZ50VtOv1Sti6DIkj3+LkVjiWMNjLeAp1SH1UlLx3ULu/DCu4vq5R4/uvTm+zrvsMsuYmGLg==
  dependencies:
    tabbable "^6.1.2"

fsevents@~2.3.2:
  version "2.3.2"
  resolved "https://registry.yarnpkg.com/fsevents/-/fsevents-2.3.2.tgz#8a526f78b8fdf4623b709e0b975c52c24c02fd1a"
  integrity sha512-xiqMQR4xAeHTuB9uWm+fFRcIOgKBMiOBP+eXiyT7jsgVCq1bkVygt00oASowB7EdtpOHaaPgKt812P9ab+DDKA==

jsonc-parser@^3.2.0:
  version "3.2.0"
  resolved "https://registry.yarnpkg.com/jsonc-parser/-/jsonc-parser-3.2.0.tgz#31ff3f4c2b9793f89c67212627c51c6394f88e76"
  integrity sha512-gfFQZrcTc8CnKXp6Y4/CBT3fTc0OVuDofpre4aEeEpSBPV5X5v4+Vmx+8snU7RLPrNHPKSgLxGo9YuQzz20o+w==

magic-string@^0.30.0:
  version "0.30.0"
  resolved "https://registry.yarnpkg.com/magic-string/-/magic-string-0.30.0.tgz#fd58a4748c5c4547338a424e90fa5dd17f4de529"
  integrity sha512-LA+31JYDJLs82r2ScLrlz1GjSgu66ZV518eyWT+S8VhyQn/JL0u9MeBOvQMGYiPk1DBiSN9DDMOcXvigJZaViQ==
  dependencies:
    "@jridgewell/sourcemap-codec" "^1.4.13"

mark.js@8.11.1:
  version "8.11.1"
  resolved "https://registry.yarnpkg.com/mark.js/-/mark.js-8.11.1.tgz#180f1f9ebef8b0e638e4166ad52db879beb2ffc5"
  integrity sha512-1I+1qpDt4idfgLQG+BNWmrqku+7/2bi5nLf4YwF8y8zXvmfiTBY3PV3ZibfrjBueCByROpuBjLLFCajqkgYoLQ==

minisearch@^6.1.0:
  version "6.1.0"
  resolved "https://registry.yarnpkg.com/minisearch/-/minisearch-6.1.0.tgz#6e74e743dbd0e88fa5ca52fef2391e0aa7055252"
  integrity sha512-PNxA/X8pWk+TiqPbsoIYH0GQ5Di7m6326/lwU/S4mlo4wGQddIcf/V//1f9TB0V4j59b57b+HZxt8h3iMROGvg==

nanoid@^3.3.4:
  version "3.3.4"
  resolved "https://registry.yarnpkg.com/nanoid/-/nanoid-3.3.4.tgz#730b67e3cd09e2deacf03c027c81c9d9dbc5e8ab"
  integrity sha512-MqBkQh/OHTS2egovRtLk45wEyNXwF+cokD+1YPf9u5VfJiRdAiRwB2froX5Co9Rh20xs4siNPm8naNotSD6RBw==

nanoid@^3.3.6:
  version "3.3.6"
  resolved "https://registry.yarnpkg.com/nanoid/-/nanoid-3.3.6.tgz#443380c856d6e9f9824267d960b4236ad583ea4c"
  integrity sha512-BGcqMMJuToF7i1rt+2PWSNVnWIkGCU78jBG3RxO/bZlnZPK2Cmi2QaffxGO/2RvWi9sL+FAiRiXMgsyxQ1DIDA==

picocolors@^1.0.0:
  version "1.0.0"
  resolved "https://registry.yarnpkg.com/picocolors/-/picocolors-1.0.0.tgz#cb5bdc74ff3f51892236eaf79d68bc44564ab81c"
  integrity sha512-1fygroTLlHu66zi26VoTDv8yRgm0Fccecssto+MhsZ0D/DGW2sm8E8AjW7NU5VVTRt5GxbeZ5qBuJr+HyLYkjQ==

postcss@^8.1.10:
  version "8.4.21"
  resolved "https://registry.yarnpkg.com/postcss/-/postcss-8.4.21.tgz#c639b719a57efc3187b13a1d765675485f4134f4"
  integrity sha512-tP7u/Sn/dVxK2NnruI4H9BG+x+Wxz6oeZ1cJ8P6G/PZY0IKk4k/63TDsQf2kQq3+qoJeLm2kIBUNlZe3zgb4Zg==
  dependencies:
    nanoid "^3.3.4"
    picocolors "^1.0.0"
    source-map-js "^1.0.2"

postcss@^8.4.23:
  version "8.4.23"
  resolved "https://registry.yarnpkg.com/postcss/-/postcss-8.4.23.tgz#df0aee9ac7c5e53e1075c24a3613496f9e6552ab"
  integrity sha512-bQ3qMcpF6A/YjR55xtoTr0jGOlnPOKAIMdOWiv0EIT6HVPEaJiJB4NLljSbiHoC2RX7DN5Uvjtpbg1NPdwv1oA==
  dependencies:
    nanoid "^3.3.6"
    picocolors "^1.0.0"
    source-map-js "^1.0.2"

preact@^10.0.0:
  version "10.13.1"
  resolved "https://registry.yarnpkg.com/preact/-/preact-10.13.1.tgz#d220bd8771b8fa197680d4917f3cefc5eed88720"
  integrity sha512-KyoXVDU5OqTpG9LXlB3+y639JAGzl8JSBXLn1J9HTSB3gbKcuInga7bZnXLlxmK94ntTs1EFeZp0lrja2AuBYQ==

rollup@^3.21.0:
  version "3.21.2"
  resolved "https://registry.yarnpkg.com/rollup/-/rollup-3.21.2.tgz#c3a06bc8d235a0c0a8f1f7d9da73426f53706bdc"
  integrity sha512-c4vC+JZ3bbF4Kqq2TtM7zSKtSyMybFOjqmomFax3xpfYaPZDZ4iz8NMIuBRMjnXOcKYozw7bC6vhJjiWD6JpzQ==
  optionalDependencies:
    fsevents "~2.3.2"

shiki@^0.14.2:
  version "0.14.2"
  resolved "https://registry.yarnpkg.com/shiki/-/shiki-0.14.2.tgz#d51440800b701392b31ce2336036058e338247a1"
  integrity sha512-ltSZlSLOuSY0M0Y75KA+ieRaZ0Trf5Wl3gutE7jzLuIcWxLp5i/uEnLoQWNvgKXQ5OMpGkJnVMRLAuzjc0LJ2A==
  dependencies:
    ansi-sequence-parser "^1.1.0"
    jsonc-parser "^3.2.0"
    vscode-oniguruma "^1.7.0"
    vscode-textmate "^8.0.0"

source-map-js@^1.0.2:
  version "1.0.2"
  resolved "https://registry.yarnpkg.com/source-map-js/-/source-map-js-1.0.2.tgz#adbc361d9c62df380125e7f161f71c826f1e490c"
  integrity sha512-R0XvVJ9WusLiqTCEiGCmICCMplcCkIwwR11mOSD9CR5u+IXYdiseeEuXCVAjS54zqwkLcPNnmU4OeJ6tUrWhDw==

tabbable@^6.1.2:
  version "6.1.2"
  resolved "https://registry.yarnpkg.com/tabbable/-/tabbable-6.1.2.tgz#b0d3ca81d582d48a80f71b267d1434b1469a3703"
  integrity sha512-qCN98uP7i9z0fIS4amQ5zbGBOq+OSigYeGvPy7NDk8Y9yncqDZ9pRPgfsc2PJIVM9RrJj7GIfuRgmjoUU9zTHQ==

vite@^4.3.9:
  version "4.3.9"
  resolved "https://registry.yarnpkg.com/vite/-/vite-4.3.9.tgz#db896200c0b1aa13b37cdc35c9e99ee2fdd5f96d"
  integrity sha512-qsTNZjO9NoJNW7KnOrgYwczm0WctJ8m/yqYAMAK9Lxt4SoySUfS5S8ia9K7JHpa3KEeMfyF8LoJ3c5NeBJy6pg==
  dependencies:
    esbuild "^0.17.5"
    postcss "^8.4.23"
    rollup "^3.21.0"
  optionalDependencies:
    fsevents "~2.3.2"

vitepress@^1.0.0-beta.2:
  version "1.0.0-beta.2"
  resolved "https://registry.yarnpkg.com/vitepress/-/vitepress-1.0.0-beta.2.tgz#b277b8d539c5697db274c0f98172809f9516a9bf"
  integrity sha512-DBXYjtYbm3W1IPPJ2TiCaK/XK+o/2XmL2+jslOGKm+txcbmG0kbeB+vadC5tCUZA9NdA+9Ywj3M4548c7t/SDg==
  dependencies:
    "@docsearch/css" "^3.5.0"
    "@docsearch/js" "^3.5.0"
    "@vitejs/plugin-vue" "^4.2.3"
    "@vue/devtools-api" "^6.5.0"
    "@vueuse/core" "^10.1.2"
    "@vueuse/integrations" "^10.1.2"
    body-scroll-lock "4.0.0-beta.0"
    focus-trap "^7.4.3"
    mark.js "8.11.1"
    minisearch "^6.1.0"
    shiki "^0.14.2"
    vite "^4.3.9"
    vue "^3.3.4"

vscode-oniguruma@^1.7.0:
  version "1.7.0"
  resolved "https://registry.yarnpkg.com/vscode-oniguruma/-/vscode-oniguruma-1.7.0.tgz#439bfad8fe71abd7798338d1cd3dc53a8beea94b"
  integrity sha512-L9WMGRfrjOhgHSdOYgCt/yRMsXzLDJSL7BPrOZt73gU0iWO4mpqzqQzOz5srxqTvMBaR0XZTSrVWo4j55Rc6cA==

vscode-textmate@^8.0.0:
  version "8.0.0"
  resolved "https://registry.yarnpkg.com/vscode-textmate/-/vscode-textmate-8.0.0.tgz#2c7a3b1163ef0441097e0b5d6389cd5504b59e5d"
  integrity sha512-AFbieoL7a5LMqcnOF04ji+rpXadgOXnZsxQr//r83kLPr7biP7am3g9zbaZIaBGwBRWeSvoMD4mgPdX3e4NWBg==

vue-demi@>=0.14.0:
  version "0.14.0"
  resolved "https://registry.yarnpkg.com/vue-demi/-/vue-demi-0.14.0.tgz#dcfd9a9cf9bb62ada1582ec9042372cf67ca6190"
  integrity sha512-gt58r2ogsNQeVoQ3EhoUAvUsH9xviydl0dWJj7dabBC/2L4uBId7ujtCwDRD0JhkGsV1i0CtfLAeyYKBht9oWg==

vue@^3.3.4:
  version "3.3.4"
  resolved "https://registry.yarnpkg.com/vue/-/vue-3.3.4.tgz#8ed945d3873667df1d0fcf3b2463ada028f88bd6"
  integrity sha512-VTyEYn3yvIeY1Py0WaYGZsXnz3y5UnGi62GjVEqvEGPl6nxbOrCXbVOTQWBEJUqAyTUk2uJ5JLVnYJ6ZzGbrSw==
  dependencies:
    "@vue/compiler-dom" "3.3.4"
    "@vue/compiler-sfc" "3.3.4"
    "@vue/runtime-dom" "3.3.4"
    "@vue/server-renderer" "3.3.4"
    "@vue/shared" "3.3.4"
